// !$*UTF8*$!
{
	archiveVersion = 1;
	classes = {
	};
	objectVersion = 55;
	objects = {

/* Begin PBXBuildFile section */
		95EEF1DA27A2F831003C0CA1 /* AppDelegate.swift in Sources */ = {isa = PBXBuildFile; fileRef = 95EEF1D927A2F831003C0CA1 /* AppDelegate.swift */; };
		95EEF1DC27A2F831003C0CA1 /* SceneDelegate.swift in Sources */ = {isa = PBXBuildFile; fileRef = 95EEF1DB27A2F831003C0CA1 /* SceneDelegate.swift */; };
		95EEF1DE27A2F831003C0CA1 /* ConversationsViewController.swift in Sources */ = {isa = PBXBuildFile; fileRef = 95EEF1DD27A2F831003C0CA1 /* ConversationsViewController.swift */; };
		95EEF1E127A2F831003C0CA1 /* Main.storyboard in Resources */ = {isa = PBXBuildFile; fileRef = 95EEF1DF27A2F831003C0CA1 /* Main.storyboard */; };
		95EEF1E327A2F832003C0CA1 /* Assets.xcassets in Resources */ = {isa = PBXBuildFile; fileRef = 95EEF1E227A2F832003C0CA1 /* Assets.xcassets */; };
		95EEF1E627A2F832003C0CA1 /* LaunchScreen.storyboard in Resources */ = {isa = PBXBuildFile; fileRef = 95EEF1E427A2F832003C0CA1 /* LaunchScreen.storyboard */; };
		95EEF1F127A307FE003C0CA1 /* LoginViewController.swift in Sources */ = {isa = PBXBuildFile; fileRef = 95EEF1F027A307FE003C0CA1 /* LoginViewController.swift */; };
		95EEF1F327A3082C003C0CA1 /* RegisterViewController.swift in Sources */ = {isa = PBXBuildFile; fileRef = 95EEF1F227A3082B003C0CA1 /* RegisterViewController.swift */; };
		95EEF1F527A3087E003C0CA1 /* ProfileViewController.swift in Sources */ = {isa = PBXBuildFile; fileRef = 95EEF1F427A3087E003C0CA1 /* ProfileViewController.swift */; };
		95EEF1F727A3366F003C0CA1 /* GoogleService-Info.plist in Resources */ = {isa = PBXBuildFile; fileRef = 95EEF1F627A3366F003C0CA1 /* GoogleService-Info.plist */; };
		A26977D0315AA16A37776987 /* Pods_Jawaher_Lab1_Chat_App.framework in Frameworks */ = {isa = PBXBuildFile; fileRef = 1047BBD15296FACAD775865D /* Pods_Jawaher_Lab1_Chat_App.framework */; };
/* End PBXBuildFile section */

/* Begin PBXFileReference section */
		1047BBD15296FACAD775865D /* Pods_Jawaher_Lab1_Chat_App.framework */ = {isa = PBXFileReference; explicitFileType = wrapper.framework; includeInIndex = 0; path = Pods_Jawaher_Lab1_Chat_App.framework; sourceTree = BUILT_PRODUCTS_DIR; };
		1D2A31322D407C637D88410E /* Pods-Jawaher_Lab1_Chat_App.debug.xcconfig */ = {isa = PBXFileReference; includeInIndex = 1; lastKnownFileType = text.xcconfig; name = "Pods-Jawaher_Lab1_Chat_App.debug.xcconfig"; path = "Target Support Files/Pods-Jawaher_Lab1_Chat_App/Pods-Jawaher_Lab1_Chat_App.debug.xcconfig"; sourceTree = "<group>"; };
		8C4FA2C56AE2E84F7B2DB8F6 /* Pods-Jawaher_Lab1_Chat_App.release.xcconfig */ = {isa = PBXFileReference; includeInIndex = 1; lastKnownFileType = text.xcconfig; name = "Pods-Jawaher_Lab1_Chat_App.release.xcconfig"; path = "Target Support Files/Pods-Jawaher_Lab1_Chat_App/Pods-Jawaher_Lab1_Chat_App.release.xcconfig"; sourceTree = "<group>"; };
		95EEF1D627A2F831003C0CA1 /* Jawaher_Lab1_Chat_App.app */ = {isa = PBXFileReference; explicitFileType = wrapper.application; includeInIndex = 0; path = Jawaher_Lab1_Chat_App.app; sourceTree = BUILT_PRODUCTS_DIR; };
		95EEF1D927A2F831003C0CA1 /* AppDelegate.swift */ = {isa = PBXFileReference; lastKnownFileType = sourcecode.swift; path = AppDelegate.swift; sourceTree = "<group>"; };
		95EEF1DB27A2F831003C0CA1 /* SceneDelegate.swift */ = {isa = PBXFileReference; lastKnownFileType = sourcecode.swift; path = SceneDelegate.swift; sourceTree = "<group>"; };
		95EEF1DD27A2F831003C0CA1 /* ConversationsViewController.swift */ = {isa = PBXFileReference; lastKnownFileType = sourcecode.swift; path = ConversationsViewController.swift; sourceTree = "<group>"; };
		95EEF1E027A2F831003C0CA1 /* Base */ = {isa = PBXFileReference; lastKnownFileType = file.storyboard; name = Base; path = Base.lproj/Main.storyboard; sourceTree = "<group>"; };
		95EEF1E227A2F832003C0CA1 /* Assets.xcassets */ = {isa = PBXFileReference; lastKnownFileType = folder.assetcatalog; path = Assets.xcassets; sourceTree = "<group>"; };
		95EEF1E527A2F832003C0CA1 /* Base */ = {isa = PBXFileReference; lastKnownFileType = file.storyboard; name = Base; path = Base.lproj/LaunchScreen.storyboard; sourceTree = "<group>"; };
		95EEF1E727A2F832003C0CA1 /* Info.plist */ = {isa = PBXFileReference; lastKnownFileType = text.plist.xml; path = Info.plist; sourceTree = "<group>"; };
		95EEF1F027A307FE003C0CA1 /* LoginViewController.swift */ = {isa = PBXFileReference; lastKnownFileType = sourcecode.swift; path = LoginViewController.swift; sourceTree = "<group>"; };
		95EEF1F227A3082B003C0CA1 /* RegisterViewController.swift */ = {isa = PBXFileReference; lastKnownFileType = sourcecode.swift; path = RegisterViewController.swift; sourceTree = "<group>"; };
		95EEF1F427A3087E003C0CA1 /* ProfileViewController.swift */ = {isa = PBXFileReference; lastKnownFileType = sourcecode.swift; path = ProfileViewController.swift; sourceTree = "<group>"; };
		95EEF1F627A3366F003C0CA1 /* GoogleService-Info.plist */ = {isa = PBXFileReference; fileEncoding = 4; lastKnownFileType = text.plist.xml; path = "GoogleService-Info.plist"; sourceTree = "<group>"; };
/* End PBXFileReference section */

/* Begin PBXFrameworksBuildPhase section */
		95EEF1D327A2F831003C0CA1 /* Frameworks */ = {
			isa = PBXFrameworksBuildPhase;
			buildActionMask = 2147483647;
			files = (
				A26977D0315AA16A37776987 /* Pods_Jawaher_Lab1_Chat_App.framework in Frameworks */,
			);
			runOnlyForDeploymentPostprocessing = 0;
		};
/* End PBXFrameworksBuildPhase section */

/* Begin PBXGroup section */
		4F8B91C53B76A0AD4C511C35 /* Frameworks */ = {
			isa = PBXGroup;
			children = (
				1047BBD15296FACAD775865D /* Pods_Jawaher_Lab1_Chat_App.framework */,
			);
			name = Frameworks;
			sourceTree = "<group>";
		};
		95EEF1CD27A2F831003C0CA1 = {
			isa = PBXGroup;
			children = (
				95EEF1D827A2F831003C0CA1 /* Jawaher_Lab1_Chat_App */,
				95EEF1D727A2F831003C0CA1 /* Products */,
				D0ABC5586E8A788504AB2394 /* Pods */,
				4F8B91C53B76A0AD4C511C35 /* Frameworks */,
			);
			sourceTree = "<group>";
		};
		95EEF1D727A2F831003C0CA1 /* Products */ = {
			isa = PBXGroup;
			children = (
				95EEF1D627A2F831003C0CA1 /* Jawaher_Lab1_Chat_App.app */,
			);
			name = Products;
			sourceTree = "<group>";
		};
		95EEF1D827A2F831003C0CA1 /* Jawaher_Lab1_Chat_App */ = {
			isa = PBXGroup;
			children = (
				95EEF1F627A3366F003C0CA1 /* GoogleService-Info.plist */,
				95EEF1EF27A307A2003C0CA1 /* Models */,
				95EEF1EE27A30796003C0CA1 /* Views */,
				95EEF1ED27A30785003C0CA1 /* Controllers */,
				95EEF1D927A2F831003C0CA1 /* AppDelegate.swift */,
				95EEF1DB27A2F831003C0CA1 /* SceneDelegate.swift */,
				95EEF1E727A2F832003C0CA1 /* Info.plist */,
			);
			path = Jawaher_Lab1_Chat_App;
			sourceTree = "<group>";
		};
		95EEF1ED27A30785003C0CA1 /* Controllers */ = {
			isa = PBXGroup;
			children = (
				95EEF1DD27A2F831003C0CA1 /* ConversationsViewController.swift */,
				95EEF1F027A307FE003C0CA1 /* LoginViewController.swift */,
				95EEF1F227A3082B003C0CA1 /* RegisterViewController.swift */,
				95EEF1F427A3087E003C0CA1 /* ProfileViewController.swift */,
			);
			path = Controllers;
			sourceTree = "<group>";
		};
		95EEF1EE27A30796003C0CA1 /* Views */ = {
			isa = PBXGroup;
			children = (
				95EEF1DF27A2F831003C0CA1 /* Main.storyboard */,
				95EEF1E227A2F832003C0CA1 /* Assets.xcassets */,
				95EEF1E427A2F832003C0CA1 /* LaunchScreen.storyboard */,
			);
			path = Views;
			sourceTree = "<group>";
		};
		95EEF1EF27A307A2003C0CA1 /* Models */ = {
			isa = PBXGroup;
			children = (
			);
			path = Models;
			sourceTree = "<group>";
		};
		D0ABC5586E8A788504AB2394 /* Pods */ = {
			isa = PBXGroup;
			children = (
				1D2A31322D407C637D88410E /* Pods-Jawaher_Lab1_Chat_App.debug.xcconfig */,
				8C4FA2C56AE2E84F7B2DB8F6 /* Pods-Jawaher_Lab1_Chat_App.release.xcconfig */,
			);
			path = Pods;
			sourceTree = "<group>";
		};
/* End PBXGroup section */

/* Begin PBXNativeTarget section */
		95EEF1D527A2F831003C0CA1 /* Jawaher_Lab1_Chat_App */ = {
			isa = PBXNativeTarget;
			buildConfigurationList = 95EEF1EA27A2F832003C0CA1 /* Build configuration list for PBXNativeTarget "Jawaher_Lab1_Chat_App" */;
			buildPhases = (
				5AA1BE8EF4B25C22DE2E3660 /* [CP] Check Pods Manifest.lock */,
				95EEF1D227A2F831003C0CA1 /* Sources */,
				95EEF1D327A2F831003C0CA1 /* Frameworks */,
				95EEF1D427A2F831003C0CA1 /* Resources */,
				A93E61BC68074B4A277C9600 /* [CP] Embed Pods Frameworks */,
			);
			buildRules = (
			);
			dependencies = (
			);
			name = Jawaher_Lab1_Chat_App;
			productName = Jawaher_Lab1_Chat_App;
			productReference = 95EEF1D627A2F831003C0CA1 /* Jawaher_Lab1_Chat_App.app */;
			productType = "com.apple.product-type.application";
		};
/* End PBXNativeTarget section */

/* Begin PBXProject section */
		95EEF1CE27A2F831003C0CA1 /* Project object */ = {
			isa = PBXProject;
			attributes = {
				BuildIndependentTargetsInParallel = 1;
				LastSwiftUpdateCheck = 1320;
				LastUpgradeCheck = 1320;
				TargetAttributes = {
					95EEF1D527A2F831003C0CA1 = {
						CreatedOnToolsVersion = 13.2.1;
					};
				};
			};
			buildConfigurationList = 95EEF1D127A2F831003C0CA1 /* Build configuration list for PBXProject "Jawaher_Lab1_Chat_App" */;
			compatibilityVersion = "Xcode 13.0";
			developmentRegion = en;
			hasScannedForEncodings = 0;
			knownRegions = (
				en,
				Base,
			);
			mainGroup = 95EEF1CD27A2F831003C0CA1;
			productRefGroup = 95EEF1D727A2F831003C0CA1 /* Products */;
			projectDirPath = "";
			projectRoot = "";
			targets = (
				95EEF1D527A2F831003C0CA1 /* Jawaher_Lab1_Chat_App */,
			);
		};
/* End PBXProject section */

/* Begin PBXResourcesBuildPhase section */
		95EEF1D427A2F831003C0CA1 /* Resources */ = {
			isa = PBXResourcesBuildPhase;
			buildActionMask = 2147483647;
			files = (
				95EEF1F727A3366F003C0CA1 /* GoogleService-Info.plist in Resources */,
				95EEF1E627A2F832003C0CA1 /* LaunchScreen.storyboard in Resources */,
				95EEF1E327A2F832003C0CA1 /* Assets.xcassets in Resources */,
				95EEF1E127A2F831003C0CA1 /* Main.storyboard in Resources */,
			);
			runOnlyForDeploymentPostprocessing = 0;
		};
/* End PBXResourcesBuildPhase section */

/* Begin PBXShellScriptBuildPhase section */
		5AA1BE8EF4B25C22DE2E3660 /* [CP] Check Pods Manifest.lock */ = {
			isa = PBXShellScriptBuildPhase;
			buildActionMask = 2147483647;
			files = (
			);
			inputFileListPaths = (
			);
			inputPaths = (
				"${PODS_PODFILE_DIR_PATH}/Podfile.lock",
				"${PODS_ROOT}/Manifest.lock",
			);
			name = "[CP] Check Pods Manifest.lock";
			outputFileListPaths = (
			);
			outputPaths = (
				"$(DERIVED_FILE_DIR)/Pods-Jawaher_Lab1_Chat_App-checkManifestLockResult.txt",
			);
			runOnlyForDeploymentPostprocessing = 0;
			shellPath = /bin/sh;
			shellScript = "diff \"${PODS_PODFILE_DIR_PATH}/Podfile.lock\" \"${PODS_ROOT}/Manifest.lock\" > /dev/null\nif [ $? != 0 ] ; then\n    # print error to STDERR\n    echo \"error: The sandbox is not in sync with the Podfile.lock. Run 'pod install' or update your CocoaPods installation.\" >&2\n    exit 1\nfi\n# This output is used by Xcode 'outputs' to avoid re-running this script phase.\necho \"SUCCESS\" > \"${SCRIPT_OUTPUT_FILE_0}\"\n";
			showEnvVarsInLog = 0;
		};
		A93E61BC68074B4A277C9600 /* [CP] Embed Pods Frameworks */ = {
			isa = PBXShellScriptBuildPhase;
			buildActionMask = 2147483647;
			files = (
			);
			inputFileListPaths = (
				"${PODS_ROOT}/Target Support Files/Pods-Jawaher_Lab1_Chat_App/Pods-Jawaher_Lab1_Chat_App-frameworks-${CONFIGURATION}-input-files.xcfilelist",
			);
			name = "[CP] Embed Pods Frameworks";
			outputFileListPaths = (
				"${PODS_ROOT}/Target Support Files/Pods-Jawaher_Lab1_Chat_App/Pods-Jawaher_Lab1_Chat_App-frameworks-${CONFIGURATION}-output-files.xcfilelist",
			);
			runOnlyForDeploymentPostprocessing = 0;
			shellPath = /bin/sh;
			shellScript = "\"${PODS_ROOT}/Target Support Files/Pods-Jawaher_Lab1_Chat_App/Pods-Jawaher_Lab1_Chat_App-frameworks.sh\"\n";
			showEnvVarsInLog = 0;
		};
/* End PBXShellScriptBuildPhase section */

/* Begin PBXSourcesBuildPhase section */
		95EEF1D227A2F831003C0CA1 /* Sources */ = {
			isa = PBXSourcesBuildPhase;
			buildActionMask = 2147483647;
			files = (
				95EEF1F527A3087E003C0CA1 /* ProfileViewController.swift in Sources */,
				95EEF1F127A307FE003C0CA1 /* LoginViewController.swift in Sources */,
				95EEF1F327A3082C003C0CA1 /* RegisterViewController.swift in Sources */,
				95EEF1DE27A2F831003C0CA1 /* ConversationsViewController.swift in Sources */,
				95EEF1DA27A2F831003C0CA1 /* AppDelegate.swift in Sources */,
				95EEF1DC27A2F831003C0CA1 /* SceneDelegate.swift in Sources */,
			);
			runOnlyForDeploymentPostprocessing = 0;
		};
/* End PBXSourcesBuildPhase section */

/* Begin PBXVariantGroup section */
		95EEF1DF27A2F831003C0CA1 /* Main.storyboard */ = {
			isa = PBXVariantGroup;
			children = (
				95EEF1E027A2F831003C0CA1 /* Base */,
			);
			name = Main.storyboard;
			sourceTree = "<group>";
		};
		95EEF1E427A2F832003C0CA1 /* LaunchScreen.storyboard */ = {
			isa = PBXVariantGroup;
			children = (
				95EEF1E527A2F832003C0CA1 /* Base */,
			);
			name = LaunchScreen.storyboard;
			sourceTree = "<group>";
		};
/* End PBXVariantGroup section */

/* Begin XCBuildConfiguration section */
		95EEF1E827A2F832003C0CA1 /* Debug */ = {
			isa = XCBuildConfiguration;
			buildSettings = {
				ALWAYS_SEARCH_USER_PATHS = NO;
				CLANG_ANALYZER_NONNULL = YES;
				CLANG_ANALYZER_NUMBER_OBJECT_CONVERSION = YES_AGGRESSIVE;
				CLANG_CXX_LANGUAGE_STANDARD = "gnu++17";
				CLANG_CXX_LIBRARY = "libc++";
				CLANG_ENABLE_MODULES = YES;
				CLANG_ENABLE_OBJC_ARC = YES;
				CLANG_ENABLE_OBJC_WEAK = YES;
				CLANG_WARN_BLOCK_CAPTURE_AUTORELEASING = YES;
				CLANG_WARN_BOOL_CONVERSION = YES;
				CLANG_WARN_COMMA = YES;
				CLANG_WARN_CONSTANT_CONVERSION = YES;
				CLANG_WARN_DEPRECATED_OBJC_IMPLEMENTATIONS = YES;
				CLANG_WARN_DIRECT_OBJC_ISA_USAGE = YES_ERROR;
				CLANG_WARN_DOCUMENTATION_COMMENTS = YES;
				CLANG_WARN_EMPTY_BODY = YES;
				CLANG_WARN_ENUM_CONVERSION = YES;
				CLANG_WARN_INFINITE_RECURSION = YES;
				CLANG_WARN_INT_CONVERSION = YES;
				CLANG_WARN_NON_LITERAL_NULL_CONVERSION = YES;
				CLANG_WARN_OBJC_IMPLICIT_RETAIN_SELF = YES;
				CLANG_WARN_OBJC_LITERAL_CONVERSION = YES;
				CLANG_WARN_OBJC_ROOT_CLASS = YES_ERROR;
				CLANG_WARN_QUOTED_INCLUDE_IN_FRAMEWORK_HEADER = YES;
				CLANG_WARN_RANGE_LOOP_ANALYSIS = YES;
				CLANG_WARN_STRICT_PROTOTYPES = YES;
				CLANG_WARN_SUSPICIOUS_MOVE = YES;
				CLANG_WARN_UNGUARDED_AVAILABILITY = YES_AGGRESSIVE;
				CLANG_WARN_UNREACHABLE_CODE = YES;
				CLANG_WARN__DUPLICATE_METHOD_MATCH = YES;
				COPY_PHASE_STRIP = NO;
				DEBUG_INFORMATION_FORMAT = dwarf;
				ENABLE_STRICT_OBJC_MSGSEND = YES;
				ENABLE_TESTABILITY = YES;
				GCC_C_LANGUAGE_STANDARD = gnu11;
				GCC_DYNAMIC_NO_PIC = NO;
				GCC_NO_COMMON_BLOCKS = YES;
				GCC_OPTIMIZATION_LEVEL = 0;
				GCC_PREPROCESSOR_DEFINITIONS = (
					"DEBUG=1",
					"$(inherited)",
				);
				GCC_WARN_64_TO_32_BIT_CONVERSION = YES;
				GCC_WARN_ABOUT_RETURN_TYPE = YES_ERROR;
				GCC_WARN_UNDECLARED_SELECTOR = YES;
				GCC_WARN_UNINITIALIZED_AUTOS = YES_AGGRESSIVE;
				GCC_WARN_UNUSED_FUNCTION = YES;
				GCC_WARN_UNUSED_VARIABLE = YES;
				IPHONEOS_DEPLOYMENT_TARGET = 15.2;
				MTL_ENABLE_DEBUG_INFO = INCLUDE_SOURCE;
				MTL_FAST_MATH = YES;
				ONLY_ACTIVE_ARCH = YES;
				SDKROOT = iphoneos;
				SWIFT_ACTIVE_COMPILATION_CONDITIONS = DEBUG;
				SWIFT_OPTIMIZATION_LEVEL = "-Onone";
			};
			name = Debug;
		};
		95EEF1E927A2F832003C0CA1 /* Release */ = {
			isa = XCBuildConfiguration;
			buildSettings = {
				ALWAYS_SEARCH_USER_PATHS = NO;
				CLANG_ANALYZER_NONNULL = YES;
				CLANG_ANALYZER_NUMBER_OBJECT_CONVERSION = YES_AGGRESSIVE;
				CLANG_CXX_LANGUAGE_STANDARD = "gnu++17";
				CLANG_CXX_LIBRARY = "libc++";
				CLANG_ENABLE_MODULES = YES;
				CLANG_ENABLE_OBJC_ARC = YES;
				CLANG_ENABLE_OBJC_WEAK = YES;
				CLANG_WARN_BLOCK_CAPTURE_AUTORELEASING = YES;
				CLANG_WARN_BOOL_CONVERSION = YES;
				CLANG_WARN_COMMA = YES;
				CLANG_WARN_CONSTANT_CONVERSION = YES;
				CLANG_WARN_DEPRECATED_OBJC_IMPLEMENTATIONS = YES;
				CLANG_WARN_DIRECT_OBJC_ISA_USAGE = YES_ERROR;
				CLANG_WARN_DOCUMENTATION_COMMENTS = YES;
				CLANG_WARN_EMPTY_BODY = YES;
				CLANG_WARN_ENUM_CONVERSION = YES;
				CLANG_WARN_INFINITE_RECURSION = YES;
				CLANG_WARN_INT_CONVERSION = YES;
				CLANG_WARN_NON_LITERAL_NULL_CONVERSION = YES;
				CLANG_WARN_OBJC_IMPLICIT_RETAIN_SELF = YES;
				CLANG_WARN_OBJC_LITERAL_CONVERSION = YES;
				CLANG_WARN_OBJC_ROOT_CLASS = YES_ERROR;
				CLANG_WARN_QUOTED_INCLUDE_IN_FRAMEWORK_HEADER = YES;
				CLANG_WARN_RANGE_LOOP_ANALYSIS = YES;
				CLANG_WARN_STRICT_PROTOTYPES = YES;
				CLANG_WARN_SUSPICIOUS_MOVE = YES;
				CLANG_WARN_UNGUARDED_AVAILABILITY = YES_AGGRESSIVE;
				CLANG_WARN_UNREACHABLE_CODE = YES;
				CLANG_WARN__DUPLICATE_METHOD_MATCH = YES;
				COPY_PHASE_STRIP = NO;
				DEBUG_INFORMATION_FORMAT = "dwarf-with-dsym";
				ENABLE_NS_ASSERTIONS = NO;
				ENABLE_STRICT_OBJC_MSGSEND = YES;
				GCC_C_LANGUAGE_STANDARD = gnu11;
				GCC_NO_COMMON_BLOCKS = YES;
				GCC_WARN_64_TO_32_BIT_CONVERSION = YES;
				GCC_WARN_ABOUT_RETURN_TYPE = YES_ERROR;
				GCC_WARN_UNDECLARED_SELECTOR = YES;
				GCC_WARN_UNINITIALIZED_AUTOS = YES_AGGRESSIVE;
				GCC_WARN_UNUSED_FUNCTION = YES;
				GCC_WARN_UNUSED_VARIABLE = YES;
				IPHONEOS_DEPLOYMENT_TARGET = 15.2;
				MTL_ENABLE_DEBUG_INFO = NO;
				MTL_FAST_MATH = YES;
				SDKROOT = iphoneos;
				SWIFT_COMPILATION_MODE = wholemodule;
				SWIFT_OPTIMIZATION_LEVEL = "-O";
				VALIDATE_PRODUCT = YES;
			};
			name = Release;
		};
		95EEF1EB27A2F832003C0CA1 /* Debug */ = {
			isa = XCBuildConfiguration;
			baseConfigurationReference = 1D2A31322D407C637D88410E /* Pods-Jawaher_Lab1_Chat_App.debug.xcconfig */;
			buildSettings = {
				ASSETCATALOG_COMPILER_APPICON_NAME = AppIcon;
				ASSETCATALOG_COMPILER_GLOBAL_ACCENT_COLOR_NAME = AccentColor;
				CODE_SIGN_STYLE = Automatic;
				CURRENT_PROJECT_VERSION = 1;
				DEVELOPMENT_TEAM = 4TAAWH6W7Q;
				GENERATE_INFOPLIST_FILE = YES;
				INFOPLIST_FILE = Jawaher_Lab1_Chat_App/Info.plist;
				INFOPLIST_KEY_UIApplicationSupportsIndirectInputEvents = YES;
				INFOPLIST_KEY_UILaunchStoryboardName = LaunchScreen;
				INFOPLIST_KEY_UIMainStoryboardFile = Main;
				INFOPLIST_KEY_UISupportedInterfaceOrientations_iPad = "UIInterfaceOrientationPortrait UIInterfaceOrientationPortraitUpsideDown UIInterfaceOrientationLandscapeLeft UIInterfaceOrientationLandscapeRight";
				INFOPLIST_KEY_UISupportedInterfaceOrientations_iPhone = "UIInterfaceOrientationPortrait UIInterfaceOrientationLandscapeLeft UIInterfaceOrientationLandscapeRight";
				LD_RUNPATH_SEARCH_PATHS = (
					"$(inherited)",
					"@executable_path/Frameworks",
				);
				MARKETING_VERSION = 1.0;
				PRODUCT_BUNDLE_IDENTIFIER = "jawaher.Jawaher-Lab1-Chat-App";
				PRODUCT_NAME = "$(TARGET_NAME)";
				SWIFT_EMIT_LOC_STRINGS = YES;
				SWIFT_VERSION = 5.0;
				TARGETED_DEVICE_FAMILY = "1,2";
			};
			name = Debug;
		};
		95EEF1EC27A2F832003C0CA1 /* Release */ = {
			isa = XCBuildConfiguration;
			baseConfigurationReference = 8C4FA2C56AE2E84F7B2DB8F6 /* Pods-Jawaher_Lab1_Chat_App.release.xcconfig */;
			buildSettings = {
				ASSETCATALOG_COMPILER_APPICON_NAME = AppIcon;
				ASSETCATALOG_COMPILER_GLOBAL_ACCENT_COLOR_NAME = AccentColor;
				CODE_SIGN_STYLE = Automatic;
				CURRENT_PROJECT_VERSION = 1;
				DEVELOPMENT_TEAM = 4TAAWH6W7Q;
				GENERATE_INFOPLIST_FILE = YES;
				INFOPLIST_FILE = Jawaher_Lab1_Chat_App/Info.plist;
				INFOPLIST_KEY_UIApplicationSupportsIndirectInputEvents = YES;
				INFOPLIST_KEY_UILaunchStoryboardName = LaunchScreen;
				INFOPLIST_KEY_UIMainStoryboardFile = Main;
				INFOPLIST_KEY_UISupportedInterfaceOrientations_iPad = "UIInterfaceOrientationPortrait UIInterfaceOrientationPortraitUpsideDown UIInterfaceOrientationLandscapeLeft UIInterfaceOrientationLandscapeRight";
				INFOPLIST_KEY_UISupportedInterfaceOrientations_iPhone = "UIInterfaceOrientationPortrait UIInterfaceOrientationLandscapeLeft UIInterfaceOrientationLandscapeRight";
				LD_RUNPATH_SEARCH_PATHS = (
					"$(inherited)",
					"@executable_path/Frameworks",
				);
				MARKETING_VERSION = 1.0;
				PRODUCT_BUNDLE_IDENTIFIER = "jawaher.Jawaher-Lab1-Chat-App";
				PRODUCT_NAME = "$(TARGET_NAME)";
				SWIFT_EMIT_LOC_STRINGS = YES;
				SWIFT_VERSION = 5.0;
				TARGETED_DEVICE_FAMILY = "1,2";
			};
			name = Release;
		};
/* End XCBuildConfiguration section */

/* Begin XCConfigurationList section */
		95EEF1D127A2F831003C0CA1 /* Build configuration list for PBXProject "Jawaher_Lab1_Chat_App" */ = {
			isa = XCConfigurationList;
			buildConfigurations = (
				95EEF1E827A2F832003C0CA1 /* Debug */,
				95EEF1E927A2F832003C0CA1 /* Release */,
			);
			defaultConfigurationIsVisible = 0;
			defaultConfigurationName = Release;
		};
		95EEF1EA27A2F832003C0CA1 /* Build configuration list for PBXNativeTarget "Jawaher_Lab1_Chat_App" */ = {
			isa = XCConfigurationList;
			buildConfigurations = (
				95EEF1EB27A2F832003C0CA1 /* Debug */,
				95EEF1EC27A2F832003C0CA1 /* Release */,
			);
			defaultConfigurationIsVisible = 0;
			defaultConfigurationName = Release;
		};
/* End XCConfigurationList section */
	};
	rootObject = 95EEF1CE27A2F831003C0CA1 /* Project object */;
}
